
Microsoft Visual Studio Solution File, Format Version 12.00
# Visual Studio Version 16
VisualStudioVersion = 16.0.28803.156
MinimumVisualStudioVersion = 10.0.40219.1
Project("{FAE04EC0-301F-11D3-BF4B-00C04F79EFBC}") = "Saar.CppSharp", "Saar.CppSharp\Saar.CppSharp.csproj", "{09723340-306E-4C46-9B52-A29326BF3032}"
EndProject
Project("{FAE04EC0-301F-11D3-BF4B-00C04F79EFBC}") = "Test", "Test\Test.csproj", "{BD32E785-A341-4A56-ABC6-3E56B14318DD}"
EndProject
Project("{FAE04EC0-301F-11D3-BF4B-00C04F79EFBC}") = "LLVM.CodeGen", "LLVM.CodeGen\LLVM.CodeGen.csproj", "{5131D49D-01A4-42D3-86AC-41BB1877BF7F}"
EndProject
Global
	GlobalSection(SolutionConfigurationPlatforms) = preSolution
		Debug|Any CPU = Debug|Any CPU
		Debug|x64 = Debug|x64
		Release|Any CPU = Release|Any CPU
		Release|x64 = Release|x64
	EndGlobalSection
	GlobalSection(ProjectConfigurationPlatforms) = postSolution
		{09723340-306E-4C46-9B52-A29326BF3032}.Debug|Any CPU.ActiveCfg = Debug|Any CPU
		{09723340-306E-4C46-9B52-A29326BF3032}.Debug|Any CPU.Build.0 = Debug|Any CPU
		{09723340-306E-4C46-9B52-A29326BF3032}.Debug|x64.ActiveCfg = Debug|x64
		{09723340-306E-4C46-9B52-A29326BF3032}.Debug|x64.Build.0 = Debug|x64
		{09723340-306E-4C46-9B52-A29326BF3032}.Release|Any CPU.ActiveCfg = Release|Any CPU
		{09723340-306E-4C46-9B52-A29326BF3032}.Release|Any CPU.Build.0 = Release|Any CPU
		{09723340-306E-4C46-9B52-A29326BF3032}.Release|x64.ActiveCfg = Release|x64
		{09723340-306E-4C46-9B52-A29326BF3032}.Release|x64.Build.0 = Release|x64
		{BD32E785-A341-4A56-ABC6-3E56B14318DD}.Debug|Any CPU.ActiveCfg = Debug|Any CPU
		{BD32E785-A341-4A56-ABC6-3E56B14318DD}.Debug|Any CPU.Build.0 = Debug|Any CPU
		{BD32E785-A341-4A56-ABC6-3E56B14318DD}.Debug|x64.ActiveCfg = Debug|x64
		{BD32E785-A341-4A56-ABC6-3E56B14318DD}.Debug|x64.Build.0 = Debug|x64
		{BD32E785-A341-4A56-ABC6-3E56B14318DD}.Release|Any CPU.ActiveCfg = Release|Any CPU
		{BD32E785-A341-4A56-ABC6-3E56B14318DD}.Release|Any CPU.Build.0 = Release|Any CPU
		{BD32E785-A341-4A56-ABC6-3E56B14318DD}.Release|x64.ActiveCfg = Release|x64
		{BD32E785-A341-4A56-ABC6-3E56B14318DD}.Release|x64.Build.0 = Release|x64
		{5131D49D-01A4-42D3-86AC-41BB1877BF7F}.Debug|Any CPU.ActiveCfg = Debug|Any CPU
		{5131D49D-01A4-42D3-86AC-41BB1877BF7F}.Debug|Any CPU.Build.0 = Debug|Any CPU
		{5131D49D-01A4-42D3-86AC-41BB1877BF7F}.Debug|x64.ActiveCfg = Debug|x64
		{5131D49D-01A4-42D3-86AC-41BB1877BF7F}.Debug|x64.Build.0 = Debug|x64
		{5131D49D-01A4-42D3-86AC-41BB1877BF7F}.Release|Any CPU.ActiveCfg = Release|Any CPU
		{5131D49D-01A4-42D3-86AC-41BB1877BF7F}.Release|Any CPU.Build.0 = Release|Any CPU
		{5131D49D-01A4-42D3-86AC-41BB1877BF7F}.Release|x64.ActiveCfg = Release|x64
		{5131D49D-01A4-42D3-86AC-41BB1877BF7F}.Release|x64.Build.0 = Release|x64
	EndGlobalSection
	GlobalSection(SolutionProperties) = preSolution
		HideSolutionNode = FALSE
	EndGlobalSection
	GlobalSection(ExtensibilityGlobals) = postSolution
		SolutionGuid = {0AD2C7AE-5773-4AA3-B650-40FE078C8B21}
	EndGlobalSection
EndGlobal
